
Microsoft Visual Studio Solution File, Format Version 12.00
# Visual Studio Version 16
VisualStudioVersion = 16.0.29519.181
MinimumVisualStudioVersion = 10.0.40219.1
Project("{8BC9CEB8-8B4A-11D0-8D11-00A0C91BC942}") = "TestIRP", "TestIRP\TestIRP.vcxproj", "{0842D311-9985-4A1C-8671-00915D08C372}"
EndProject
Global
	GlobalSection(SolutionConfigurationPlatforms) = preSolution
		Debug|ARM = Debug|ARM
		Debug|ARM64 = Debug|ARM64
		Debug|x64 = Debug|x64
		Debug|x86 = Debug|x86
		Release|ARM = Release|ARM
		Release|ARM64 = Release|ARM64
		Release|x64 = Release|x64
		Release|x86 = Release|x86
	EndGlobalSection
	GlobalSection(ProjectConfigurationPlatforms) = postSolution
		{0842D311-9985-4A1C-8671-00915D08C372}.Debug|ARM.ActiveCfg = Debug|ARM
		{0842D311-9985-4A1C-8671-00915D08C372}.Debug|ARM.Build.0 = Debug|ARM
		{0842D311-9985-4A1C-8671-00915D08C372}.Debug|ARM.Deploy.0 = Debug|ARM
		{0842D311-9985-4A1C-8671-00915D08C372}.Debug|ARM64.ActiveCfg = Debug|ARM64
		{0842D311-9985-4A1C-8671-00915D08C372}.Debug|ARM64.Build.0 = Debug|ARM64
		{0842D311-9985-4A1C-8671-00915D08C372}.Debug|ARM64.Deploy.0 = Debug|ARM64
		{0842D311-9985-4A1C-8671-00915D08C372}.Debug|x64.ActiveCfg = Debug|x64
		{0842D311-9985-4A1C-8671-00915D08C372}.Debug|x64.Build.0 = Debug|x64
		{0842D311-9985-4A1C-8671-00915D08C372}.Debug|x64.Deploy.0 = Debug|x64
		{0842D311-9985-4A1C-8671-00915D08C372}.Debug|x86.ActiveCfg = Debug|Win32
		{0842D311-9985-4A1C-8671-00915D08C372}.Debug|x86.Build.0 = Debug|Win32
		{0842D311-9985-4A1C-8671-00915D08C372}.Debug|x86.Deploy.0 = Debug|Win32
		{0842D311-9985-4A1C-8671-00915D08C372}.Release|ARM.ActiveCfg = Release|ARM
		{0842D311-9985-4A1C-8671-00915D08C372}.Release|ARM.Build.0 = Release|ARM
		{0842D311-9985-4A1C-8671-00915D08C372}.Release|ARM.Deploy.0 = Release|ARM
		{0842D311-9985-4A1C-8671-00915D08C372}.Release|ARM64.ActiveCfg = Release|ARM64
		{0842D311-9985-4A1C-8671-00915D08C372}.Release|ARM64.Build.0 = Release|ARM64
		{0842D311-9985-4A1C-8671-00915D08C372}.Release|ARM64.Deploy.0 = Release|ARM64
		{0842D311-9985-4A1C-8671-00915D08C372}.Release|x64.ActiveCfg = Release|x64
		{0842D311-9985-4A1C-8671-00915D08C372}.Release|x64.Build.0 = Release|x64
		{0842D311-9985-4A1C-8671-00915D08C372}.Release|x64.Deploy.0 = Release|x64
		{0842D311-9985-4A1C-8671-00915D08C372}.Release|x86.ActiveCfg = Release|Win32
		{0842D311-9985-4A1C-8671-00915D08C372}.Release|x86.Build.0 = Release|Win32
		{0842D311-9985-4A1C-8671-00915D08C372}.Release|x86.Deploy.0 = Release|Win32
	EndGlobalSection
	GlobalSection(SolutionProperties) = preSolution
		HideSolutionNode = FALSE
	EndGlobalSection
	GlobalSection(ExtensibilityGlobals) = postSolution
		SolutionGuid = {9B0F4C8A-ABB9-4FF1-AD79-7E020F6AEC03}
	EndGlobalSection
EndGlobal
